
Microsoft Visual Studio Solution File, Format Version 12.00
# Visual Studio Version 17
VisualStudioVersion = 17.10.35122.118
MinimumVisualStudioVersion = 10.0.40219.1
Project("{FAE04EC0-301F-11D3-BF4B-00C04F79EFBC}") = "UdemyRabbitMQ.publisher", "UdemyRabbitMQ.publisher\UdemyRabbitMQ.publisher.csproj", "{BE5085B6-98E7-40DC-8479-E368F8EB26AF}"
EndProject
Project("{FAE04EC0-301F-11D3-BF4B-00C04F79EFBC}") = "UdemyRabbitMQ.Subscriber", "UdemyRabbitMQ.Subscriber\UdemyRabbitMQ.Subscriber.csproj", "{72283351-2183-477B-9D84-D67C2EEC1403}"
EndProject
Global
	GlobalSection(SolutionConfigurationPlatforms) = preSolution
		Debug|Any CPU = Debug|Any CPU
		Release|Any CPU = Release|Any CPU
	EndGlobalSection
	GlobalSection(ProjectConfigurationPlatforms) = postSolution
		{BE5085B6-98E7-40DC-8479-E368F8EB26AF}.Debug|Any CPU.ActiveCfg = Debug|Any CPU
		{BE5085B6-98E7-40DC-8479-E368F8EB26AF}.Debug|Any CPU.Build.0 = Debug|Any CPU
		{BE5085B6-98E7-40DC-8479-E368F8EB26AF}.Release|Any CPU.ActiveCfg = Release|Any CPU
		{BE5085B6-98E7-40DC-8479-E368F8EB26AF}.Release|Any CPU.Build.0 = Release|Any CPU
		{72283351-2183-477B-9D84-D67C2EEC1403}.Debug|Any CPU.ActiveCfg = Debug|Any CPU
		{72283351-2183-477B-9D84-D67C2EEC1403}.Debug|Any CPU.Build.0 = Debug|Any CPU
		{72283351-2183-477B-9D84-D67C2EEC1403}.Release|Any CPU.ActiveCfg = Release|Any CPU
		{72283351-2183-477B-9D84-D67C2EEC1403}.Release|Any CPU.Build.0 = Release|Any CPU
	EndGlobalSection
	GlobalSection(SolutionProperties) = preSolution
		HideSolutionNode = FALSE
	EndGlobalSection
	GlobalSection(ExtensibilityGlobals) = postSolution
		SolutionGuid = {09ECF455-1D1A-43DC-B6ED-D4C734434364}
	EndGlobalSection
EndGlobal
